
Microsoft Visual Studio Solution File, Format Version 12.00
# Visual Studio Version 17
VisualStudioVersion = 17.10.35013.160
MinimumVisualStudioVersion = 10.0.40219.1
Project("{FAE04EC0-301F-11D3-BF4B-00C04F79EFBC}") = "FlightReservationAPI", "FlightReservationAPI\FlightReservationAPI.csproj", "{8B3B1032-6E3E-42F4-AFCF-B45810C72672}"
EndProject
Global
	GlobalSection(SolutionConfigurationPlatforms) = preSolution
		Debug|Any CPU = Debug|Any CPU
		Release|Any CPU = Release|Any CPU
	EndGlobalSection
	GlobalSection(ProjectConfigurationPlatforms) = postSolution
		{8B3B1032-6E3E-42F4-AFCF-B45810C72672}.Debug|Any CPU.ActiveCfg = Debug|Any CPU
		{8B3B1032-6E3E-42F4-AFCF-B45810C72672}.Debug|Any CPU.Build.0 = Debug|Any CPU
		{8B3B1032-6E3E-42F4-AFCF-B45810C72672}.Release|Any CPU.ActiveCfg = Release|Any CPU
		{8B3B1032-6E3E-42F4-AFCF-B45810C72672}.Release|Any CPU.Build.0 = Release|Any CPU
	EndGlobalSection
	GlobalSection(SolutionProperties) = preSolution
		HideSolutionNode = FALSE
	EndGlobalSection
	GlobalSection(ExtensibilityGlobals) = postSolution
		SolutionGuid = {443E9041-AB76-489D-B01F-126421723ED9}
	EndGlobalSection
EndGlobal
